PODS:
  - LQSDKPods (0.3.0):
    - ReactorKit
    - RxCocoa
    - RxCodable
  - ReactorKit (2.1.1):
    - RxSwift (~> 5.0)
    - WeakMapTable (~> 1.1)
  - RxCocoa (5.1.1):
    - RxRelay (~> 5)
    - RxSwift (~> 5)
  - RxCodable (1.0.0):
    - RxCodable/Core (= 1.0.0)
  - RxCodable/Core (1.0.0):
    - RxSwift (~> 5.0)
  - RxRelay (5.1.1):
    - RxSwift (~> 5)
  - RxSwift (5.1.1)
  - WeakMapTable (1.2.0)

DEPENDENCIES:
  - LQSDKPods (from `../`)

SPEC REPOS:
  trunk:
    - ReactorKit
    - RxCocoa
    - RxCodable
    - RxRelay
    - RxSwift
    - WeakMapTable

EXTERNAL SOURCES:
  LQSDKPods:
    :path: "../"

SPEC CHECKSUMS:
  LQSDKPods: cbca6d7f47fa9a6a748ed40ad3fc9e1dda304240
  ReactorKit: 6d894a20c3d508344320901cd8e386fde92df4b6
  RxCocoa: 32065309a38d29b5b0db858819b5bf9ef038b601
  RxCodable: 468b37793b66d804a5b1be16e817d7aab408b52b
  RxRelay: d77f7d771495f43c556cbc43eebd1bb54d01e8e9
  RxSwift: 81470a2074fa8780320ea5fe4102807cb7118178
  WeakMapTable: 05c694ce8439a7a9ebabb56187287a63c57673d6

PODFILE CHECKSUM: 0daf2588f785ce0266149a4fc53cd6f3670dfc76

COCOAPODS: 1.10.1
